
Microsoft Visual Studio Solution File, Format Version 12.00
# Visual Studio Version 16
VisualStudioVersion = 16.0.29411.108
MinimumVisualStudioVersion = 10.0.40219.1
Project("{FAE04EC0-301F-11D3-BF4B-00C04F79EFBC}") = "Nyx.Core", "Nyx.Core\Nyx.Core.csproj", "{A45F54FC-8C1B-4967-97BC-D45466075226}"
EndProject
Project("{2150E333-8FDC-42A3-9474-1A3956D46DE8}") = "Core", "Core", "{EDB31B20-A537-4E88-A2DD-E786EACA21A1}"
EndProject
Project("{FAE04EC0-301F-11D3-BF4B-00C04F79EFBC}") = "Nyx.Hub.Console", "Nyx.Hub.Console\Nyx.Hub.Console.csproj", "{5D2D99FA-63E8-45CB-A56F-C45861D1042C}"
EndProject
Project("{2150E333-8FDC-42A3-9474-1A3956D46DE8}") = "Server", "Server", "{32C37C24-5AEB-46CD-86EB-D884C5C6F7A5}"
EndProject
Project("{2150E333-8FDC-42A3-9474-1A3956D46DE8}") = "Client", "Client", "{B466FAA4-DA61-44D1-9A13-8D1A047D54F2}"
EndProject
Project("{FAE04EC0-301F-11D3-BF4B-00C04F79EFBC}") = "Nyx.Client", "Nyx.Client\Nyx.Client.csproj", "{D0A63542-344D-47A2-A594-CC8D536AB783}"
EndProject
Project("{FAE04EC0-301F-11D3-BF4B-00C04F79EFBC}") = "Nyx.Common.UI", "Nyx.Common.UI\Nyx.Common.UI.csproj", "{E277D389-F429-41CB-B382-F701BEA1BC56}"
EndProject
Project("{2150E333-8FDC-42A3-9474-1A3956D46DE8}") = "Solution Items", "Solution Items", "{DCBB22D6-9A38-4D0E-858F-4ED0556E3C82}"
	ProjectSection(SolutionItems) = preProject
		.editorconfig = .editorconfig
	EndProjectSection
EndProject
Global
	GlobalSection(SolutionConfigurationPlatforms) = preSolution
		Debug|x64 = Debug|x64
		DebugMonitor|x64 = DebugMonitor|x64
		Release|x64 = Release|x64
	EndGlobalSection
	GlobalSection(ProjectConfigurationPlatforms) = postSolution
		{A45F54FC-8C1B-4967-97BC-D45466075226}.Debug|x64.ActiveCfg = Debug|x64
		{A45F54FC-8C1B-4967-97BC-D45466075226}.Debug|x64.Build.0 = Debug|x64
		{A45F54FC-8C1B-4967-97BC-D45466075226}.DebugMonitor|x64.ActiveCfg = DebugMonitor|x64
		{A45F54FC-8C1B-4967-97BC-D45466075226}.DebugMonitor|x64.Build.0 = DebugMonitor|x64
		{A45F54FC-8C1B-4967-97BC-D45466075226}.Release|x64.ActiveCfg = Release|x64
		{A45F54FC-8C1B-4967-97BC-D45466075226}.Release|x64.Build.0 = Release|x64
		{5D2D99FA-63E8-45CB-A56F-C45861D1042C}.Debug|x64.ActiveCfg = Debug|x64
		{5D2D99FA-63E8-45CB-A56F-C45861D1042C}.Debug|x64.Build.0 = Debug|x64
		{5D2D99FA-63E8-45CB-A56F-C45861D1042C}.DebugMonitor|x64.ActiveCfg = DebugMonitor|x64
		{5D2D99FA-63E8-45CB-A56F-C45861D1042C}.DebugMonitor|x64.Build.0 = DebugMonitor|x64
		{5D2D99FA-63E8-45CB-A56F-C45861D1042C}.Release|x64.ActiveCfg = Release|x64
		{5D2D99FA-63E8-45CB-A56F-C45861D1042C}.Release|x64.Build.0 = Release|x64
		{D0A63542-344D-47A2-A594-CC8D536AB783}.Debug|x64.ActiveCfg = Debug|x64
		{D0A63542-344D-47A2-A594-CC8D536AB783}.Debug|x64.Build.0 = Debug|x64
		{D0A63542-344D-47A2-A594-CC8D536AB783}.DebugMonitor|x64.ActiveCfg = DebugMonitor|x64
		{D0A63542-344D-47A2-A594-CC8D536AB783}.DebugMonitor|x64.Build.0 = DebugMonitor|x64
		{D0A63542-344D-47A2-A594-CC8D536AB783}.Release|x64.ActiveCfg = Release|x64
		{D0A63542-344D-47A2-A594-CC8D536AB783}.Release|x64.Build.0 = Release|x64
		{E277D389-F429-41CB-B382-F701BEA1BC56}.Debug|x64.ActiveCfg = Debug|x64
		{E277D389-F429-41CB-B382-F701BEA1BC56}.Debug|x64.Build.0 = Debug|x64
		{E277D389-F429-41CB-B382-F701BEA1BC56}.DebugMonitor|x64.ActiveCfg = DebugMonitor|x64
		{E277D389-F429-41CB-B382-F701BEA1BC56}.DebugMonitor|x64.Build.0 = DebugMonitor|x64
		{E277D389-F429-41CB-B382-F701BEA1BC56}.Release|x64.ActiveCfg = Release|x64
		{E277D389-F429-41CB-B382-F701BEA1BC56}.Release|x64.Build.0 = Release|x64
	EndGlobalSection
	GlobalSection(SolutionProperties) = preSolution
		HideSolutionNode = FALSE
	EndGlobalSection
	GlobalSection(NestedProjects) = preSolution
		{A45F54FC-8C1B-4967-97BC-D45466075226} = {EDB31B20-A537-4E88-A2DD-E786EACA21A1}
		{5D2D99FA-63E8-45CB-A56F-C45861D1042C} = {32C37C24-5AEB-46CD-86EB-D884C5C6F7A5}
		{D0A63542-344D-47A2-A594-CC8D536AB783} = {B466FAA4-DA61-44D1-9A13-8D1A047D54F2}
		{E277D389-F429-41CB-B382-F701BEA1BC56} = {EDB31B20-A537-4E88-A2DD-E786EACA21A1}
	EndGlobalSection
	GlobalSection(ExtensibilityGlobals) = postSolution
		SolutionGuid = {685C0575-4D7E-4603-AB66-6BCAEB8DE141}
	EndGlobalSection
EndGlobal
